# This file is automatically @generated by Poetry 1.8.2 and should not be changed by hand.

[[package]]
name = "choreographer"
version = "1.3.0"
description = "Devtools Protocol implementation for chrome."
optional = false
python-versions = ">=3.8"
files = [
    {file = "choreographer-1.3.0-py3-none-any.whl", hash = "sha256:cea4cb739e4f61625e4b53888a8d3fa1d3bf73948b56753e460ab44da7d8d44f"},
    {file = "choreographer-1.3.0.tar.gz", hash = "sha256:6c44a0e48e9b37977344d40bfa5a9ed88575fe4bc0fd836771bf702bc24d6884"},
]

[package.dependencies]
logistro = ">=2.0.1"
platformdirs = ">=4.3.6"
simplejson = ">=3.19.3"

[[package]]
name = "colorama"
version = "0.4.6"
description = "Cross-platform colored terminal text."
optional = false
python-versions = "!=3.0.*,!=3.1.*,!=3.2.*,!=3.3.*,!=3.4.*,!=3.5.*,!=3.6.*,>=2.7"
files = [
    {file = "colorama-0.4.6-py2.py3-none-any.whl", hash = "sha256:4f1d9991f5acc0ca119f9d443620b77f9d6b33703e51011c16baf57afb285fc6"},
    {file = "colorama-0.4.6.tar.gz", hash = "sha256:08695f5cb7ed6e0531a20572697297273c47b8cae5a63ffc6d6ed5c201be6e44"},
]

[[package]]
name = "exceptiongroup"
version = "1.3.1"
description = "Backport of PEP 654 (exception groups)"
optional = false
python-versions = ">=3.7"
files = [
    {file = "exceptiongroup-1.3.1-py3-none-any.whl", hash = "sha256:a7a39a3bd276781e98394987d3a5701d0c4edffb633bb7a5144577f82c773598"},
    {file = "exceptiongroup-1.3.1.tar.gz", hash = "sha256:8b412432c6055b0b7d14c310000ae93352ed6754f70fa8f7c34141f91c4e3219"},
]

[package.dependencies]
typing-extensions = {version = ">=4.6.0", markers = "python_version < \"3.13\""}

[package.extras]
test = ["pytest (>=6)"]

[[package]]
name = "iniconfig"
version = "2.1.0"
description = "brain-dead simple config-ini parsing"
optional = false
python-versions = ">=3.8"
files = [
    {file = "iniconfig-2.1.0-py3-none-any.whl", hash = "sha256:9deba5723312380e77435581c6bf4935c94cbfab9b1ed33ef8d238ea168eb760"},
    {file = "iniconfig-2.1.0.tar.gz", hash = "sha256:3abbd2e30b36733fee78f9c7f7308f2d0050e88f0087fd25c2645f63c773e1c7"},
]

[[package]]
name = "kaleido"
version = "1.3.0"
description = "Plotly graph export library"
optional = false
python-versions = ">=3.8"
files = [
    {file = "kaleido-1.3.0-py3-none-any.whl", hash = "sha256:52714dfd38e8f2a114831826200c40bb10d0ca0c11d4272f3f48ad499cd8f8ea"},
    {file = "kaleido-1.3.0.tar.gz", hash = "sha256:5e0378a7475e98852773deeb6483dee91f8aa7b364dde7b5f2b3622cb468a3e6"},
]

[package.dependencies]
choreographer = ">=1.3.0"
logistro = ">=1.0.8"
orjson = ">=3.10.15"
packaging = "*"

[[package]]
name = "logistro"
version = "2.0.1"
description = "Simple wrapper over logging for a couple basic features"
optional = false
python-versions = ">=3.8"
files = [
    {file = "logistro-2.0.1-py3-none-any.whl", hash = "sha256:06ffa127b9fb4ac8b1972ae6b2a9d7fde57598bf5939cd708f43ec5bba2d31eb"},
    {file = "logistro-2.0.1.tar.gz", hash = "sha256:8446affc82bab2577eb02bfcbcae196ae03129287557287b6a070f70c1985047"},
]

[[package]]
name = "narwhals"
version = "2.21.0"
description = "Extremely lightweight compatibility layer between dataframe libraries"
optional = false
python-versions = ">=3.9"
files = [
    {file = "narwhals-2.21.0-py3-none-any.whl", hash = "sha256:1e6617d0fca68ae1fda29e5397c4eaacd3ffc9fffe6bcd6ded0c690475e853be"},
    {file = "narwhals-2.21.0.tar.gz", hash = "sha256:7c6e7f50528e62b7a967dd864d7e117d2955d38d4f730653ce46a9861358e2dc"},
]

[package.extras]
cudf = ["cudf-cu12 (>=24.10.0)"]
dask = ["dask[dataframe] (>=2024.8)"]
duckdb = ["duckdb (>=1.1)"]
ibis = ["ibis-framework (>=6.0.0)", "packaging", "pyarrow-hotfix", "rich"]
modin = ["modin"]
pandas = ["pandas (>=1.1.3)"]
polars = ["polars (>=0.20.4)"]
pyarrow = ["pyarrow (>=13.0.0)"]
pyspark = ["pyspark (>=3.5.0)"]
pyspark-connect = ["pyspark[connect] (>=3.5.0)"]
sql = ["duckdb (>=1.1)", "sqlparse"]
sqlframe = ["sqlframe (>=3.22.0,!=3.39.3)"]

[[package]]
name = "orjson"
version = "3.11.5"
description = "Fast, correct Python JSON library supporting dataclasses, datetimes, and numpy"
optional = false
python-versions = ">=3.9"
files = [
    {file = "orjson-3.11.5-cp310-cp310-macosx_10_15_x86_64.macosx_11_0_arm64.macosx_10_15_universal2.whl", hash = "sha256:df9eadb2a6386d5ea2bfd81309c505e125cfc9ba2b1b99a97e60985b0b3665d1"},
    {file = "orjson-3.11.5-cp310-cp310-manylinux_2_17_aarch64.manylinux2014_aarch64.whl", hash = "sha256:ccc70da619744467d8f1f49a8cadae5ec7bbe054e5232d95f92ed8737f8c5870"},
    {file = "orjson-3.11.5-cp310-cp310-manylinux_2_17_armv7l.manylinux2014_armv7l.whl", hash = "sha256:073aab025294c2f6fc0807201c76fdaed86f8fc4be52c440fb78fbb759a1ac09"},
    {file = "orjson-3.11.5-cp310-cp310-manylinux_2_17_i686.manylinux2014_i686.whl", hash = "sha256:835f26fa24ba0bb8c53ae2a9328d1706135b74ec653ed933869b74b6909e63fd"},
    {file = "orjson-3.11.5-cp310-cp310-manylinux_2_17_ppc64le.manylinux2014_ppc64le.whl", hash = "sha256:667c132f1f3651c14522a119e4dd631fad98761fa960c55e8e7430bb2a1ba4ac"},
    {file = "orjson-3.11.5-cp310-cp310-manylinux_2_17_s390x.manylinux2014_s390x.whl", hash = "sha256:42e8961196af655bb5e63ce6c60d25e8798cd4dfbc04f4203457fa3869322c2e"},
    {file = "orjson-3.11.5-cp310-cp310-manylinux_2_17_x86_64.manylinux2014_x86_64.whl", hash = "sha256:75412ca06e20904c19170f8a24486c4e6c7887dea591ba18a1ab572f1300ee9f"},
    {file = "orjson-3.11.5-cp310-cp310-musllinux_1_2_aarch64.whl", hash = "sha256:6af8680328c69e15324b5af3ae38abbfcf9cbec37b5346ebfd52339c3d7e8a18"},
    {file = "orjson-3.11.5-cp310-cp310-musllinux_1_2_armv7l.whl", hash = "sha256:a86fe4ff4ea523eac8f4b57fdac319faf037d3c1be12405e6a7e86b3fbc4756a"},
    {file = "orjson-3.11.5-cp310-cp310-musllinux_1_2_i686.whl", hash = "sha256:e607b49b1a106ee2086633167033afbd63f76f2999e9236f638b06b112b24ea7"},
    {file = "orjson-3.11.5-cp310-cp310-musllinux_1_2_x86_64.whl", hash = "sha256:7339f41c244d0eea251637727f016b3d20050636695bc78345cce9029b189401"},
    {file = "orjson-3.11.5-cp310-cp310-win32.whl", hash = "sha256:8be318da8413cdbbce77b8c5fac8d13f6eb0f0db41b30bb598631412619572e8"},
    {file = "orjson-3.11.5-cp310-cp310-win_amd64.whl", hash = "sha256:b9f86d69ae822cabc2a0f6c099b43e8733dda788405cba2665595b7e8dd8d167"},
    {file = "orjson-3.11.5-cp311-cp311-macosx_10_15_x86_64.macosx_11_0_arm64.macosx_10_15_universal2.whl", hash = "sha256:9c8494625ad60a923af6b2b0bd74107146efe9b55099e20d7740d995f338fcd8"},
    {file = "orjson-3.11.5-cp311-cp311-macosx_15_0_arm64.whl", hash = "sha256:7bb2ce0b82bc9fd1168a513ddae7a857994b780b2945a8c51db4ab1c4b751ebc"},
    {file = "orjson-3.11.5-cp311-cp311-manylinux_2_17_aarch64.manylinux2014_aarch64.whl", hash = "sha256:67394d3becd50b954c4ecd24ac90b5051ee7c903d167459f93e77fc6f5b4c968"},
    {file = "orjson-3.11.5-cp311-cp311-manylinux_2_17_armv7l.manylinux2014_armv7l.whl", hash = "sha256:298d2451f375e5f17b897794bcc3e7b821c0f32b4788b9bcae47ada24d7f3cf7"},
    {file = "orjson-3.11.5-cp311-cp311-manylinux_2_17_i686.manylinux2014_i686.whl", hash = "sha256:aa5e4244063db8e1d87e0f54c3f7522f14b2dc937e65d5241ef0076a096409fd"},
    {file = "orjson-3.11.5-cp311-cp311-manylinux_2_17_ppc64le.manylinux2014_ppc64le.whl", hash = "sha256:1db2088b490761976c1b2e956d5d4e6409f3732e9d79cfa69f876c5248d1baf9"},
    {file = "orjson-3.11.5-cp311-cp311-manylinux_2_17_s390x.manylinux2014_s390x.whl", hash = "sha256:c2ed66358f32c24e10ceea518e16eb3549e34f33a9d51f99ce23b0251776a1ef"},
    {file = "orjson-3.11.5-cp311-cp311-manylinux_2_17_x86_64.manylinux2014_x86_64.whl", hash = "sha256:c2021afda46c1ed64d74b555065dbd4c2558d510d8cec5ea6a53001b3e5e82a9"},
    {file = "orjson-3.11.5-cp311-cp311-musllinux_1_2_aarch64.whl", hash = "sha256:b42ffbed9128e547a1647a3e50bc88ab28ae9daa61713962e0d3dd35e820c125"},
    {file = "orjson-3.11.5-cp311-cp311-musllinux_1_2_armv7l.whl", hash = "sha256:8d5f16195bb671a5dd3d1dbea758918bada8f6cc27de72bd64adfbd748770814"},
    {file = "orjson-3.11.5-cp311-cp311-musllinux_1_2_i686.whl", hash = "sha256:c0e5d9f7a0227df2927d343a6e3859bebf9208b427c79bd31949abcc2fa32fa5"},
    {file = "orjson-3.11.5-cp311-cp311-musllinux_1_2_x86_64.whl", hash = "sha256:23d04c4543e78f724c4dfe656b3791b5f98e4c9253e13b2636f1af5d90e4a880"},
    {file = "orjson-3.11.5-cp311-cp311-win32.whl", hash = "sha256:c404603df4865f8e0afe981aa3c4b62b406e6d06049564d58934860b62b7f91d"},
    {file = "orjson-3.11.5-cp311-cp311-win_amd64.whl", hash = "sha256:9645ef655735a74da4990c24ffbd6894828fbfa117bc97c1edd98c282ecb52e1"},
    {file = "orjson-3.11.5-cp311-cp311-win_arm64.whl", hash = "sha256:1cbf2735722623fcdee8e712cbaaab9e372bbcb0c7924ad711b261c2eccf4a5c"},
    {file = "orjson-3.11.5-cp312-cp312-macosx_10_15_x86_64.macosx_11_0_arm64.macosx_10_15_universal2.whl", hash = "sha256:334e5b4bff9ad101237c2d799d9fd45737752929753bf4faf4b207335a416b7d"},
    {file = "orjson-3.11.5-cp312-cp312-macosx_15_0_arm64.whl", hash = "sha256:ff770589960a86eae279f5d8aa536196ebda8273a2a07db2a54e82b93bc86626"},
    {file = "orjson-3.11.5-cp312-cp312-manylinux_2_17_aarch64.manylinux2014_aarch64.whl", hash = "sha256:ed24250e55efbcb0b35bed7caaec8cedf858ab2f9f2201f17b8938c618c8ca6f"},
    {file = "orjson-3.11.5-cp312-cp312-manylinux_2_17_armv7l.manylinux2014_armv7l.whl", hash = "sha256:a66d7769e98a08a12a139049aac2f0ca3adae989817f8c43337455fbc7669b85"},
    {file = "orjson-3.11.5-cp312-cp312-manylinux_2_17_i686.manylinux2014_i686.whl", hash = "sha256:86cfc555bfd5794d24c6a1903e558b50644e5e68e6471d66502ce5cb5fdef3f9"},
    {file = "orjson-3.11.5-cp312-cp312-manylinux_2_17_ppc64le.manylinux2014_ppc64le.whl", hash = "sha256:a230065027bc2a025e944f9d4714976a81e7ecfa940923283bca7bbc1f10f626"},
    {file = "orjson-3.11.5-cp312-cp312-manylinux_2_17_s390x.manylinux2014_s390x.whl", hash = "sha256:b29d36b60e606df01959c4b982729c8845c69d1963f88686608be9ced96dbfaa"},
    {file = "orjson-3.11.5-cp312-cp312-manylinux_2_17_x86_64.manylinux2014_x86_64.whl", hash = "sha256:c74099c6b230d4261fdc3169d50efc09abf38ace1a42ea2f9994b1d79153d477"},
    {file = "orjson-3.11.5-cp312-cp312-musllinux_1_2_aarch64.whl", hash = "sha256:e697d06ad57dd0c7a737771d470eedc18e68dfdefcdd3b7de7f33dfda5b6212e"},
    {file = "orjson-3.11.5-cp312-cp312-musllinux_1_2_armv7l.whl", hash = "sha256:e08ca8a6c851e95aaecc32bc44a5aa75d0ad26af8cdac7c77e4ed93acf3d5b69"},
    {file = "orjson-3.11.5-cp312-cp312-musllinux_1_2_i686.whl", hash = "sha256:e8b5f96c05fce7d0218df3fdfeb962d6b8cfff7e3e20264306b46dd8b217c0f3"},
    {file = "orjson-3.11.5-cp312-cp312-musllinux_1_2_x86_64.whl", hash = "sha256:ddbfdb5099b3e6ba6d6ea818f61997bb66de14b411357d24c4612cf1ebad08ca"},
    {file = "orjson-3.11.5-cp312-cp312-win32.whl", hash = "sha256:9172578c4eb09dbfcf1657d43198de59b6cef4054de385365060ed50c458ac98"},
    {file = "orjson-3.11.5-cp312-cp312-win_amd64.whl", hash = "sha256:2b91126e7b470ff2e75746f6f6ee32b9ab67b7a93c8ba1d15d3a0caaf16ec875"},
    {file = "orjson-3.11.5-cp312-cp312-win_arm64.whl", hash = "sha256:acbc5fac7e06777555b0722b8ad5f574739e99ffe99467ed63da98f97f9ca0fe"},
    {file = "orjson-3.11.5-cp313-cp313-macosx_10_15_x86_64.macosx_11_0_arm64.macosx_10_15_universal2.whl", hash = "sha256:3b01799262081a4c47c035dd77c1301d40f568f77cc7ec1bb7db5d63b0a01629"},
    {file = "orjson-3.11.5-cp313-cp313-macosx_15_0_arm64.whl", hash = "sha256:61de247948108484779f57a9f406e4c84d636fa5a59e411e6352484985e8a7c3"},
    {file = "orjson-3.11.5-cp313-cp313-manylinux_2_17_aarch64.manylinux2014_aarch64.whl", hash = "sha256:894aea2e63d4f24a7f04a1908307c738d0dce992e9249e744b8f4e8dd9197f39"},
    {file = "orjson-3.11.5-cp313-cp313-manylinux_2_17_armv7l.manylinux2014_armv7l.whl", hash = "sha256:ddc21521598dbe369d83d4d40338e23d4101dad21dae0e79fa20465dbace019f"},
    {file = "orjson-3.11.5-cp313-cp313-manylinux_2_17_i686.manylinux2014_i686.whl", hash = "sha256:7cce16ae2f5fb2c53c3eafdd1706cb7b6530a67cc1c17abe8ec747f5cd7c0c51"},
    {file = "orjson-3.11.5-cp313-cp313-manylinux_2_17_ppc64le.manylinux2014_ppc64le.whl", hash = "sha256:e46c762d9f0e1cfb4ccc8515de7f349abbc95b59cb5a2bd68df5973fdef913f8"},
    {file = "orjson-3.11.5-cp313-cp313-manylinux_2_17_s390x.manylinux2014_s390x.whl", hash = "sha256:d7345c759276b798ccd6d77a87136029e71e66a8bbf2d2755cbdde1d82e78706"},
    {file = "orjson-3.11.5-cp313-cp313-manylinux_2_17_x86_64.manylinux2014_x86_64.whl", hash = "sha256:75bc2e59e6a2ac1dd28901d07115abdebc4563b5b07dd612bf64260a201b1c7f"},
    {file = "orjson-3.11.5-cp313-cp313-musllinux_1_2_aarch64.whl", hash = "sha256:54aae9b654554c3b4edd61896b978568c6daa16af96fa4681c9b5babd469f863"},
    {file = "orjson-3.11.5-cp313-cp313-musllinux_1_2_armv7l.whl", hash = "sha256:4bdd8d164a871c4ec773f9de0f6fe8769c2d6727879c37a9666ba4183b7f8228"},
    {file = "orjson-3.11.5-cp313-cp313-musllinux_1_2_i686.whl", hash = "sha256:a261fef929bcf98a60713bf5e95ad067cea16ae345d9a35034e73c3990e927d2"},
    {file = "orjson-3.11.5-cp313-cp313-musllinux_1_2_x86_64.whl", hash = "sha256:c028a394c766693c5c9909dec76b24f37e6a1b91999e8d0c0d5feecbe93c3e05"},
    {file = "orjson-3.11.5-cp313-cp313-win32.whl", hash = "sha256:2cc79aaad1dfabe1bd2d50ee09814a1253164b3da4c00a78c458d82d04b3bdef"},
    {file = "orjson-3.11.5-cp313-cp313-win_amd64.whl", hash = "sha256:ff7877d376add4e16b274e35a3f58b7f37b362abf4aa31863dadacdd20e3a583"},
    {file = "orjson-3.11.5-cp313-cp313-win_arm64.whl", hash = "sha256:59ac72ea775c88b163ba8d21b0177628bd015c5dd060647bbab6e22da3aad287"},
    {file = "orjson-3.11.5-cp314-cp314-macosx_10_15_x86_64.macosx_11_0_arm64.macosx_10_15_universal2.whl", hash = "sha256:e446a8ea0a4c366ceafc7d97067bfd55292969143b57e3c846d87fc701e797a0"},
    {file = "orjson-3.11.5-cp314-cp314-macosx_15_0_arm64.whl", hash = "sha256:53deb5addae9c22bbe3739298f5f2196afa881ea75944e7720681c7080909a81"},
    {file = "orjson-3.11.5-cp314-cp314-manylinux_2_17_aarch64.manylinux2014_aarch64.whl", hash = "sha256:82cd00d49d6063d2b8791da5d4f9d20539c5951f965e45ccf4e96d33505ce68f"},
    {file = "orjson-3.11.5-cp314-cp314-manylinux_2_17_armv7l.manylinux2014_armv7l.whl", hash = "sha256:3fd15f9fc8c203aeceff4fda211157fad114dde66e92e24097b3647a08f4ee9e"},
    {file = "orjson-3.11.5-cp314-cp314-manylinux_2_17_i686.manylinux2014_i686.whl", hash = "sha256:9df95000fbe6777bf9820ae82ab7578e8662051bb5f83d71a28992f539d2cda7"},
    {file = "orjson-3.11.5-cp314-cp314-manylinux_2_17_ppc64le.manylinux2014_ppc64le.whl", hash = "sha256:92a8d676748fca47ade5bc3da7430ed7767afe51b2f8100e3cd65e151c0eaceb"},
    {file = "orjson-3.11.5-cp314-cp314-manylinux_2_17_s390x.manylinux2014_s390x.whl", hash = "sha256:aa0f513be38b40234c77975e68805506cad5d57b3dfd8fe3baa7f4f4051e15b4"},
    {file = "orjson-3.11.5-cp314-cp314-manylinux_2_17_x86_64.manylinux2014_x86_64.whl", hash = "sha256:fa1863e75b92891f553b7922ce4ee10ed06db061e104f2b7815de80cdcb135ad"},
    {file = "orjson-3.11.5-cp314-cp314-musllinux_1_2_aarch64.whl", hash = "sha256:d4be86b58e9ea262617b8ca6251a2f0d63cc132a6da4b5fcc8e0a4128782c829"},
    {file = "orjson-3.11.5-cp314-cp314-musllinux_1_2_armv7l.whl", hash = "sha256:b923c1c13fa02084eb38c9c065afd860a5cff58026813319a06949c3af5732ac"},
    {file = "orjson-3.11.5-cp314-cp314-musllinux_1_2_i686.whl", hash = "sha256:1b6bd351202b2cd987f35a13b5e16471cf4d952b42a73c391cc537974c43ef6d"},
    {file = "orjson-3.11.5-cp314-cp314-musllinux_1_2_x86_64.whl", hash = "sha256:bb150d529637d541e6af06bbe3d02f5498d628b7f98267ff87647584293ab439"},
    {file = "orjson-3.11.5-cp314-cp314-win32.whl", hash = "sha256:9cc1e55c884921434a84a0c3dd2699eb9f92e7b441d7f53f3941079ec6ce7499"},
    {file = "orjson-3.11.5-cp314-cp314-win_amd64.whl", hash = "sha256:a4f3cb2d874e03bc7767c8f88adaa1a9a05cecea3712649c3b58589ec7317310"},
    {file = "orjson-3.11.5-cp314-cp314-win_arm64.whl", hash = "sha256:38b22f476c351f9a1c43e5b07d8b5a02eb24a6ab8e75f700f7d479d4568346a5"},
    {file = "orjson-3.11.5-cp39-cp39-macosx_10_15_x86_64.macosx_11_0_arm64.macosx_10_15_universal2.whl", hash = "sha256:1b280e2d2d284a6713b0cfec7b08918ebe57df23e3f76b27586197afca3cb1e9"},
    {file = "orjson-3.11.5-cp39-cp39-manylinux_2_17_aarch64.manylinux2014_aarch64.whl", hash = "sha256:3c8d8a112b274fae8c5f0f01954cb0480137072c271f3f4958127b010dfefaec"},
    {file = "orjson-3.11.5-cp39-cp39-manylinux_2_17_armv7l.manylinux2014_armv7l.whl", hash = "sha256:5f0a2ae6f09ac7bd47d2d5a5305c1d9ed08ac057cda55bb0a49fa506f0d2da00"},
    {file = "orjson-3.11.5-cp39-cp39-manylinux_2_17_i686.manylinux2014_i686.whl", hash = "sha256:c0d87bd1896faac0d10b4f849016db81a63e4ec5df38757ffae84d45ab38aa71"},
    {file = "orjson-3.11.5-cp39-cp39-manylinux_2_17_ppc64le.manylinux2014_ppc64le.whl", hash = "sha256:801a821e8e6099b8c459ac7540b3c32dba6013437c57fdcaec205b169754f38c"},
    {file = "orjson-3.11.5-cp39-cp39-manylinux_2_17_s390x.manylinux2014_s390x.whl", hash = "sha256:69a0f6ac618c98c74b7fbc8c0172ba86f9e01dbf9f62aa0b1776c2231a7bffe5"},
    {file = "orjson-3.11.5-cp39-cp39-manylinux_2_17_x86_64.manylinux2014_x86_64.whl", hash = "sha256:fea7339bdd22e6f1060c55ac31b6a755d86a5b2ad3657f2669ec243f8e3b2bdb"},
    {file = "orjson-3.11.5-cp39-cp39-musllinux_1_2_aarch64.whl", hash = "sha256:4dad582bc93cef8f26513e12771e76385a7e6187fd713157e971c784112aad56"},
    {file = "orjson-3.11.5-cp39-cp39-musllinux_1_2_armv7l.whl", hash = "sha256:0522003e9f7fba91982e83a97fec0708f5a714c96c4209db7104e6b9d132f111"},
    {file = "orjson-3.11.5-cp39-cp39-musllinux_1_2_i686.whl", hash = "sha256:7403851e430a478440ecc1258bcbacbfbd8175f9ac1e39031a7121dd0de05ff8"},
    {file = "orjson-3.11.5-cp39-cp39-musllinux_1_2_x86_64.whl", hash = "sha256:5f691263425d3177977c8d1dd896cde7b98d93cbf390b2544a090675e83a6a0a"},
    {file = "orjson-3.11.5-cp39-cp39-win32.whl", hash = "sha256:61026196a1c4b968e1b1e540563e277843082e9e97d78afa03eb89315af531f1"},
    {file = "orjson-3.11.5-cp39-cp39-win_amd64.whl", hash = "sha256:09b94b947ac08586af635ef922d69dc9bc63321527a3a04647f4986a73f4bd30"},
    {file = "orjson-3.11.5.tar.gz", hash = "sha256:82393ab47b4fe44ffd0a7659fa9cfaacc717eb617c93cde83795f14af5c2e9d5"},
]

[[package]]
name = "packaging"
version = "26.2"
description = "Core utilities for Python packages"
optional = false
python-versions = ">=3.8"
files = [
    {file = "packaging-26.2-py3-none-any.whl", hash = "sha256:5fc45236b9446107ff2415ce77c807cee2862cb6fac22b8a73826d0693b0980e"},
    {file = "packaging-26.2.tar.gz", hash = "sha256:ff452ff5a3e828ce110190feff1178bb1f2ea2281fa2075aadb987c2fb221661"},
]

[[package]]
name = "platformdirs"
version = "4.4.0"
description = "A small Python package for determining appropriate platform-specific dirs, e.g. a `user data dir`."
optional = false
python-versions = ">=3.9"
files = [
    {file = "platformdirs-4.4.0-py3-none-any.whl", hash = "sha256:abd01743f24e5287cd7a5db3752faf1a2d65353f38ec26d98e25a6db65958c85"},
    {file = "platformdirs-4.4.0.tar.gz", hash = "sha256:ca753cf4d81dc309bc67b0ea38fd15dc97bc30ce419a7f58d13eb3bf14c4febf"},
]

[package.extras]
docs = ["furo (>=2024.8.6)", "proselint (>=0.14)", "sphinx (>=8.1.3)", "sphinx-autodoc-typehints (>=3)"]
test = ["appdirs (==1.4.4)", "covdefaults (>=2.3)", "pytest (>=8.3.4)", "pytest-cov (>=6)", "pytest-mock (>=3.14)"]
type = ["mypy (>=1.14.1)"]

[[package]]
name = "plotly"
version = "6.9.0"
description = "An open-source interactive data visualization library for Python"
optional = false
python-versions = ">=3.8"
files = [
    {file = "plotly-6.9.0-py3-none-any.whl", hash = "sha256:36bebe2f1bb13884774fe61689c329071446f6ce4a8927fb1f0d6fb24f581236"},
    {file = "plotly-6.9.0.tar.gz", hash = "sha256:967ad33e8c704fed051800d11d985eb206a9c795c14206b30a6f463ed9c67d0d"},
]

[package.dependencies]
narwhals = ">=1.15.1"
packaging = "*"

[package.extras]
dev = ["anywidget", "build", "colorcet", "fiona (<=1.9.6)", "geopandas", "inflect", "jupyterlab", "kaleido (>=1.3.0)", "numpy (>=1.22)", "orjson", "pandas", "pdfrw", "pillow", "plotly-geo", "polars[timezone]", "pyarrow", "pyshp", "pytest", "pytz", "requests", "ruff (==0.11.12)", "scikit-image", "scipy", "shapely", "statsmodels", "vaex", "xarray"]
dev-build = ["build", "jupyterlab", "pytest", "requests", "ruff (==0.11.12)"]
dev-core = ["pytest", "requests", "ruff (==0.11.12)"]
dev-optional = ["anywidget", "build", "colorcet", "fiona (<=1.9.6)", "geopandas", "inflect", "jupyterlab", "kaleido (>=1.3.0)", "numpy (>=1.22)", "orjson", "pandas", "pdfrw", "pillow", "plotly-geo", "polars[timezone]", "pyarrow", "pyshp", "pytest", "pytz", "requests", "ruff (==0.11.12)", "scikit-image", "scipy", "shapely", "statsmodels", "vaex", "xarray"]
dev-pandas1 = ["numpy (>=1,<2)", "pandas (>=1,<2)", "setuptools (<82)"]
dev-pandas2 = ["pandas (>=2,<3)"]
dev-pandas3 = ["pandas (>=3)"]
express = ["numpy (>=1.22)"]
kaleido = ["kaleido (>=1.3.0)"]

[[package]]
name = "pluggy"
version = "1.6.0"
description = "plugin and hook calling mechanisms for python"
optional = false
python-versions = ">=3.9"
files = [
    {file = "pluggy-1.6.0-py3-none-any.whl", hash = "sha256:e920276dd6813095e9377c0bc5566d94c932c33b27a3e3945d8389c374dd4746"},
    {file = "pluggy-1.6.0.tar.gz", hash = "sha256:7dcc130b76258d33b90f61b658791dede3486c3e6bfb003ee5c9bfb396dd22f3"},
]

[package.extras]
dev = ["pre-commit", "tox"]
testing = ["coverage", "pytest", "pytest-benchmark"]

[[package]]
name = "pygments"
version = "2.20.0"
description = "Pygments is a syntax highlighting package written in Python."
optional = false
python-versions = ">=3.9"
files = [
    {file = "pygments-2.20.0-py3-none-any.whl", hash = "sha256:81a9e26dd42fd28a23a2d169d86d7ac03b46e2f8b59ed4698fb4785f946d0176"},
    {file = "pygments-2.20.0.tar.gz", hash = "sha256:6757cd03768053ff99f3039c1a36d6c0aa0b263438fcab17520b30a303a82b5f"},
]

[package.extras]
windows-terminal = ["colorama (>=0.4.6)"]

[[package]]
name = "pytest"
version = "8.4.2"
description = "pytest: simple powerful testing with Python"
optional = false
python-versions = ">=3.9"
files = [
    {file = "pytest-8.4.2-py3-none-any.whl", hash = "sha256:872f880de3fc3a5bdc88a11b39c9710c3497a547cfa9320bc3c5e62fbf272e79"},
    {file = "pytest-8.4.2.tar.gz", hash = "sha256:86c0d0b93306b961d58d62a4db4879f27fe25513d4b969df351abdddb3c30e01"},
]

[package.dependencies]
colorama = {version = ">=0.4", markers = "sys_platform == \"win32\""}
exceptiongroup = {version = ">=1", markers = "python_version < \"3.11\""}
iniconfig = ">=1"
packaging = ">=20"
pluggy = ">=1.5,<2"
pygments = ">=2.7.2"
tomli = {version = ">=1", markers = "python_version < \"3.11\""}

[package.extras]
dev = ["argcomplete", "attrs (>=19.2)", "hypothesis (>=3.56)", "mock", "requests", "setuptools", "xmlschema"]

[[package]]
name = "simplejson"
version = "4.1.1"
description = "Simple, fast, extensible JSON encoder/decoder for Python"
optional = false
python-versions = "!=3.0.*,!=3.1.*,!=3.2.*,!=3.3.*,!=3.4.*,!=3.5.*,!=3.6.*,!=3.7.*,>=2.7"
files = [
    {file = "simplejson-4.1.1-cp27-cp27m-manylinux1_x86_64.whl", hash = "sha256:1ad45da7462afc3dc4a0fe374a40b62f816821b046297b4acc670e641e45cc8d"},
    {file = "simplejson-4.1.1-cp27-cp27m-manylinux2010_x86_64.whl", hash = "sha256:797ad726434bf23c47a1e51140b6d1afb35471984c8fd31db76ba375fc0a296d"},
    {file = "simplejson-4.1.1-cp27-cp27m-win32.whl", hash = "sha256:30944f06a9c0787a8c69d8295b3abc960161f08b5ce26d41be88d2bc5539ea3c"},
    {file = "simplejson-4.1.1-cp27-cp27m-win_amd64.whl", hash = "sha256:e2778625bd6c839588373f07d7ade6fc0fb6b8365a146b84f27edfadb13ab597"},
    {file = "simplejson-4.1.1-cp27-cp27mu-manylinux1_x86_64.whl", hash = "sha256:21d1b82f5d58f776a184a42bdf5ce4a6d7c36191a917131c577b41019f6b7daf"},
    {file = "simplejson-4.1.1-cp27-cp27mu-manylinux2010_x86_64.whl", hash = "sha256:3427a069695405658b2270989d9e6f03f39e34a24d1b8548b562abc282ee400b"},
    {file = "simplejson-4.1.1-cp310-cp310-macosx_10_9_universal2.whl", hash = "sha256:7f61eefab86235c800e7f4e37d977080ec424bb2bf0b74e95a2d17ecb48eac0a"},
    {file = "simplejson-4.1.1-cp310-cp310-macosx_10_9_x86_64.whl", hash = "sha256:4484960512db9c8124bfa91e0d8a9f9c302338f1c5454e74c21d7d022df10f46"},
    {file = "simplejson-4.1.1-cp310-cp310-macosx_11_0_arm64.whl", hash = "sha256:b75c7ef874dbb350f41827cdf3cee23f5257bdcb0df46d4c01b34badb62dcfe8"},
    {file = "simplejson-4.1.1-cp310-cp310-manylinux1_x86_64.manylinux_2_28_x86_64.manylinux_2_5_x86_64.whl", hash = "sha256:c7494c75b95171194f965ea609e97081837a26494d91dcc046ad27dd9c3503e2"},
    {file = "simplejson-4.1.1-cp310-cp310-manylinux2014_aarch64.manylinux_2_17_aarch64.manylinux_2_28_aarch64.whl", hash = "sha256:1778e09a6e4bb4ef304627915dc4a838569d9e6b737c787925b4e98244bbbc16"},
    {file = "simplejson-4.1.1-cp310-cp310-manylinux2014_ppc64le.manylinux_2_17_ppc64le.manylinux_2_28_ppc64le.whl", hash = "sha256:67e43e7c0555e10de6d83e1408035652fad28c983516e38c4e3a9a748c9af129"},
    {file = "simplejson-4.1.1-cp310-cp310-musllinux_1_2_aarch64.whl", hash = "sha256:93bf6653420258372444de90194dab8de8ff13d74b5d4263a5fefbbe8b8d2060"},
    {file = "simplejson-4.1.1-cp310-cp310-musllinux_1_2_ppc64le.whl", hash = "sha256:0662cfe0482c9796bd097213b27f006815bfdc9b671264c3c0b7fc0e72b71d00"},
    {file = "simplejson-4.1.1-cp310-cp310-musllinux_1_2_x86_64.whl", hash = "sha256:a9ab55d2459f6d0fdf9984a7a0fb0280dae12979f4fcc3171f5096a4fcf5fafe"},
    {file = "simplejson-4.1.1-cp310-cp310-win32.whl", hash = "sha256:dfb84ace97acbdf1916c5a675387493fc5a7f67c2e15d4a7687143f8c73024d4"},
    {file = "simplejson-4.1.1-cp310-cp310-win_amd64.whl", hash = "sha256:8eb821ef27f688f59ed4a93b17a666a7ebacf8dd65fecaa2b3c531a3aea62eaf"},
    {file = "simplejson-4.1.1-cp311-cp311-macosx_10_9_universal2.whl", hash = "sha256:2867c64d92abd1992c15666fae198203093f593e43d6b81adf176bae530d493a"},
    {file = "simplejson-4.1.1-cp311-cp311-macosx_10_9_x86_64.whl", hash = "sha256:4c47c46e16c8ea9e4850061e6ed5aa2b9cd2074cb2274bfd9c138cba15ce7453"},
    {file = "simplejson-4.1.1-cp311-cp311-macosx_11_0_arm64.whl", hash = "sha256:e294e33dbf316a9bbdd4030d46503c9b0f19470ae7ad6af5bae6c426bc2e869f"},
    {file = "simplejson-4.1.1-cp311-cp311-manylinux1_x86_64.manylinux_2_28_x86_64.manylinux_2_5_x86_64.whl", hash = "sha256:7ce252b28fddbdd83db5bd7d93dad2a8a591d7ada098afec9c1b23d6b722a7a4"},
    {file = "simplejson-4.1.1-cp311-cp311-manylinux2014_aarch64.manylinux_2_17_aarch64.manylinux_2_28_aarch64.whl", hash = "sha256:4c44ef6b02a4eb67ed17a72342341792149b3ff46f15426c26e970e49addf327"},
    {file = "simplejson-4.1.1-cp311-cp311-manylinux2014_ppc64le.manylinux_2_17_ppc64le.manylinux_2_28_ppc64le.whl", hash = "sha256:82bfca2b85a34178c25829c703f0a9e9f113a5af7539285bd3efb583a0bf1ba3"},
    {file = "simplejson-4.1.1-cp311-cp311-musllinux_1_2_aarch64.whl", hash = "sha256:0e4b23f71dd781f8830f1663dc01a4944d3dbf87a1f93d78fba1cf64722d0ccf"},
    {file = "simplejson-4.1.1-cp311-cp311-musllinux_1_2_ppc64le.whl", hash = "sha256:82fee635d7b73ad801030b05a75fbd34a098da0c2ecf600667a03636d09e1e42"},
    {file = "simplejson-4.1.1-cp311-cp311-musllinux_1_2_x86_64.whl", hash = "sha256:68e62eda21192c5ea9bb92d571ca46a4477fef48762f50d433de2b4253051551"},
    {file = "simplejson-4.1.1-cp311-cp311-win32.whl", hash = "sha256:ffd3d82294b47f5ec64050021ace95fd62628a0c1cc8bbf4d06d2d1fb697e055"},
    {file = "simplejson-4.1.1-cp311-cp311-win_amd64.whl", hash = "sha256:78a3fe0995be42bed62a26aa78e0e0b4d87c6545785346b9cc898f3389569a35"},
    {file = "simplejson-4.1.1-cp312-cp312-macosx_10_13_universal2.whl", hash = "sha256:19040a17154dc03d289bab68d73ce0a6a0be01de30c584bbdd93490bead14b22"},
    {file = "simplejson-4.1.1-cp312-cp312-macosx_10_13_x86_64.whl", hash = "sha256:a94ebaecdbaa80d9551a3ec6bf0c9302fc8b53ab6c1b2bfd498a1df4cb28158d"},
    {file = "simplejson-4.1.1-cp312-cp312-macosx_11_0_arm64.whl", hash = "sha256:67341c95c0a168ab4a6d1e807e50463f1c8da932c3286d81e201266c427061fa"},
    {file = "simplejson-4.1.1-cp312-cp312-manylinux1_x86_64.manylinux_2_28_x86_64.manylinux_2_5_x86_64.whl", hash = "sha256:45ec18e337fec538b7e902d489505c450b2454653d1290f3f50385e6fd8aa607"},
    {file = "simplejson-4.1.1-cp312-cp312-manylinux2014_aarch64.manylinux_2_17_aarch64.manylinux_2_28_aarch64.whl", hash = "sha256:820c69a4710400e9b248d5670647d60be58824369282d3925e516b3ff1a7cd82"},
    {file = "simplejson-4.1.1-cp312-cp312-manylinux2014_ppc64le.manylinux_2_17_ppc64le.manylinux_2_28_ppc64le.whl", hash = "sha256:2e708d373a10e4378ef2d59f8361850c7150fd907ed49efe49bc5492160476d1"},
    {file = "simplejson-4.1.1-cp312-cp312-musllinux_1_2_aarch64.whl", hash = "sha256:980fc33353f81fd12d8c49d44f8c2760d1dc8192285e627c5180d141035b228a"},
    {file = "simplejson-4.1.1-cp312-cp312-musllinux_1_2_ppc64le.whl", hash = "sha256:de2ed102fff88dacf543699f53ee3a533cc11539a39baa176b7e09dd783069d6"},
    {file = "simplejson-4.1.1-cp312-cp312-musllinux_1_2_x86_64.whl", hash = "sha256:2785ff8edc0e28bf773a32543a6bbed46351453c997b3f6709c744e3c2f7eabb"},
    {file = "simplejson-4.1.1-cp312-cp312-win32.whl", hash = "sha256:2e0d5ead6d14610467ec356ec1f6b5d8a56aa216abaad8d41c8b873b16cf313f"},
    {file = "simplejson-4.1.1-cp312-cp312-win_amd64.whl", hash = "sha256:63a5451f557d6be48a231bae932458655c620902b868170b2f1c8afed496f6b4"},
    {file = "simplejson-4.1.1-cp313-cp313-macosx_10_13_universal2.whl", hash = "sha256:dff52fc7af272e84fc21cc5a06c927c823ca6ae00af14f3b0d7707b42775ed98"},
    {file = "simplejson-4.1.1-cp313-cp313-macosx_10_13_x86_64.whl", hash = "sha256:971aed0647ad6e840a3943bec812fcda5f2d26a5497a4981d1fb49aa4f9a396c"},
    {file = "simplejson-4.1.1-cp313-cp313-macosx_11_0_arm64.whl", hash = "sha256:249e2e220aa6d9b9d936bde84eb7bf79d5b6c5a8273c6e411f8b1635a9073f2d"},
    {file = "simplejson-4.1.1-cp313-cp313-manylinux1_x86_64.manylinux_2_28_x86_64.manylinux_2_5_x86_64.whl", hash = "sha256:8e5cdd6a5d52299f345c15ab5678cc4249e24f383f361d986afbc3c7072a6b6b"},
    {file = "simplejson-4.1.1-cp313-cp313-manylinux2014_aarch64.manylinux_2_17_aarch64.manylinux_2_28_aarch64.whl", hash = "sha256:642cec364e0676e2d5a73fa4d31d0c7c55886997caa2fde24e8292ca44d32728"},
    {file = "simplejson-4.1.1-cp313-cp313-manylinux2014_ppc64le.manylinux_2_17_ppc64le.manylinux_2_28_ppc64le.whl", hash = "sha256:76fe296ca1df23d290033f10aaacf534fd1b3e3007e7f9ff8aa68b21413aaa78"},
    {file = "simplejson-4.1.1-cp313-cp313-musllinux_1_2_aarch64.whl", hash = "sha256:8f0ad25b7dc4e0fb23858355819f2e994f1a5badcdcde8737eac7921c2f1ed2a"},
    {file = "simplejson-4.1.1-cp313-cp313-musllinux_1_2_ppc64le.whl", hash = "sha256:a59ebd0533f03fd06ff0c42ba0f02d93cbcdd7944922bf3b93911327a95b901f"},
    {file = "simplejson-4.1.1-cp313-cp313-musllinux_1_2_x86_64.whl", hash = "sha256:bccbf4419676b517939852e5aeff2af6aee4dc046881c67a1581fa6f1cb01abd"},
    {file = "simplejson-4.1.1-cp313-cp313-win32.whl", hash = "sha256:6c845363eb5fd166fb7c72243da38f4fcfde666ede7fdf2cc6fd7762894626f7"},
    {file = "simplejson-4.1.1-cp313-cp313-win_amd64.whl", hash = "sha256:104d8324c34f25b4b90800bc5fa363780cbc3d8496aef061cba7ce1af9162270"},
    {file = "simplejson-4.1.1-cp314-cp314-macosx_10_15_universal2.whl", hash = "sha256:ed7473602b6625de793b6acba49aa949f144a475f538792067e4cf2fda2071f5"},
    {file = "simplejson-4.1.1-cp314-cp314-macosx_10_15_x86_64.whl", hash = "sha256:225c9caa324c5b554d009fb9cac22aee7711e71bd96f487938c659af467e828e"},
    {file = "simplejson-4.1.1-cp314-cp314-macosx_11_0_arm64.whl", hash = "sha256:95407269340c7f22f09776ea7b717a52cf56cfcf119b5e45f66faa4a26445bea"},
    {file = "simplejson-4.1.1-cp314-cp314-manylinux1_x86_64.manylinux_2_28_x86_64.manylinux_2_5_x86_64.whl", hash = "sha256:3851658d642c1184d2023f0e6c9ce44a21eb1629e74e7c84ef956b128841fe12"},
    {file = "simplejson-4.1.1-cp314-cp314-manylinux2014_aarch64.manylinux_2_17_aarch64.manylinux_2_28_aarch64.whl", hash = "sha256:95a3bb0f78e85f4937f99092239f2011ce06f0f2d803df5c299cc05abbeae008"},
    {file = "simplejson-4.1.1-cp314-cp314-manylinux2014_ppc64le.manylinux_2_17_ppc64le.manylinux_2_28_ppc64le.whl", hash = "sha256:bbfdaa7c0603f75b7b14b211b7f2be44696d4e26833ad2d91d5c87bf5fb9a920"},
    {file = "simplejson-4.1.1-cp314-cp314-musllinux_1_2_aarch64.whl", hash = "sha256:39e3c584071dced8c21b4689f0254303521daeb9b5bc1f4289755d71fa3cb0d3"},
    {file = "simplejson-4.1.1-cp314-cp314-musllinux_1_2_ppc64le.whl", hash = "sha256:036a27bd0469b9d79557cbddb392969f876cd7f278cfbd0fba81534927a06575"},
    {file = "simplejson-4.1.1-cp314-cp314-musllinux_1_2_x86_64.whl", hash = "sha256:b70bfd2f67f3351baba08aa3ae9233c83f21fd95ae5e6b3d0ecb8c647929112f"},
    {file = "simplejson-4.1.1-cp314-cp314-win32.whl", hash = "sha256:37233c72ce88d06acb92747347742b3c07871eba6789f060c179c9302dde8efe"},
    {file = "simplejson-4.1.1-cp314-cp314-win_amd64.whl", hash = "sha256:cc0442dea71cd9cbf30a0b8b9929ab5aa6c02c0443a3d977351e6ec5bada4388"},
    {file = "simplejson-4.1.1-cp314-cp314t-macosx_10_15_universal2.whl", hash = "sha256:c996a4d38290c515af347740659ce095b425449c164a5c9fa3977caa6eff5dbe"},
    {file = "simplejson-4.1.1-cp314-cp314t-macosx_10_15_x86_64.whl", hash = "sha256:c65c763fb20d7ca113c1c14dce2fc04a0fc3a57aceff533d6fdac707c7bffb40"},
    {file = "simplejson-4.1.1-cp314-cp314t-macosx_11_0_arm64.whl", hash = "sha256:0da5c9f57206ee7ef280ff7f1d924937b0a64f9a271a5ef371a2ecdbebba7421"},
    {file = "simplejson-4.1.1-cp314-cp314t-manylinux1_x86_64.manylinux_2_28_x86_64.manylinux_2_5_x86_64.whl", hash = "sha256:ea3426e786425d10e9e82f8a6eda74a7d6eb10d99165ac3d0d3bbcb65c0ea343"},
    {file = "simplejson-4.1.1-cp314-cp314t-manylinux2014_aarch64.manylinux_2_17_aarch64.manylinux_2_28_aarch64.whl", hash = "sha256:d75cea7a1025edd7e439b2966b3d977c45b5b899e2adaf422811b3ac702ed9fb"},
    {file = "simplejson-4.1.1-cp314-cp314t-manylinux2014_ppc64le.manylinux_2_17_ppc64le.manylinux_2_28_ppc64le.whl", hash = "sha256:63c2ada8e58f266491f19eed2eeeb7c25c6141e52f8f9e820f6bb94156cf8dbc"},
    {file = "simplejson-4.1.1-cp314-cp314t-musllinux_1_2_aarch64.whl", hash = "sha256:d1fffb56305c5b475ee746cf9e04f97423ba5aaacd292dc1255bd75b1d3b124b"},
    {file = "simplejson-4.1.1-cp314-cp314t-musllinux_1_2_ppc64le.whl", hash = "sha256:a6525ec733f43d0541206cffa64fd2aad5a7ae3eb76566aff49cd4db6382209a"},
    {file = "simplejson-4.1.1-cp314-cp314t-musllinux_1_2_x86_64.whl", hash = "sha256:861e393260508efa64d8805a8e49c416c3484907e3f146ce966c69552b49b9a3"},
    {file = "simplejson-4.1.1-cp314-cp314t-win32.whl", hash = "sha256:d083b89d30948a751d3d97476c2ed91e4caaa24a1a1459bdbadb8876242c71fe"},
    {file = "simplejson-4.1.1-cp314-cp314t-win_amd64.whl", hash = "sha256:4cbb299d0528ec0447fe366d8c9641860e28f997a62730690fef905f1f41046e"},
    {file = "simplejson-4.1.1-cp38-cp38-macosx_10_9_universal2.whl", hash = "sha256:110a14b2702e9fa01d13d510b66bcf823c9ddd700bd0050301bfbd1bcdf95991"},
    {file = "simplejson-4.1.1-cp38-cp38-macosx_10_9_x86_64.whl", hash = "sha256:617e36ae79f4d53c91a4aec95eb09c469ef28fdec7926821254505a1de920e3f"},
    {file = "simplejson-4.1.1-cp38-cp38-macosx_11_0_arm64.whl", hash = "sha256:112b37ba2ff805da9e657c05b4ffa1a7428eaa191918af106dfacc5ab70663d4"},
    {file = "simplejson-4.1.1-cp38-cp38-manylinux1_x86_64.manylinux_2_28_x86_64.manylinux_2_5_x86_64.whl", hash = "sha256:2669ff10c7090ae9099afa9f7ae3a8c1a5170e78f18c7011dd8d5ce73beba6c0"},
    {file = "simplejson-4.1.1-cp38-cp38-manylinux2014_aarch64.manylinux_2_17_aarch64.manylinux_2_28_aarch64.whl", hash = "sha256:453a25bcad03b1ec4584998c58c27c5eb54148e13bcbf49b796f953048349c78"},
    {file = "simplejson-4.1.1-cp38-cp38-manylinux2014_ppc64le.manylinux_2_17_ppc64le.manylinux_2_28_ppc64le.whl", hash = "sha256:e338a0029a0e8e4da2657b63a8df39b0269007dc9b506eadacca384519b2bd9c"},
    {file = "simplejson-4.1.1-cp38-cp38-musllinux_1_2_aarch64.whl", hash = "sha256:604b8d73f396078c122f696c2fa5f3527a00667633863560096180baf1356257"},
    {file = "simplejson-4.1.1-cp38-cp38-musllinux_1_2_ppc64le.whl", hash = "sha256:14465703aa66668cc1b697ec834c4d1566b72464f92d3ba4cb00ecd2c4438b2d"},
    {file = "simplejson-4.1.1-cp38-cp38-musllinux_1_2_x86_64.whl", hash = "sha256:7c0573d7370232d71616653080e397df61d4daf1cd7d6a717f23fd21eda90731"},
    {file = "simplejson-4.1.1-cp38-cp38-win32.whl", hash = "sha256:5f09293dc60ca29b4d588583f0423863d1e9faa0074fdbf00a9955ecc6365331"},
    {file = "simplejson-4.1.1-cp38-cp38-win_amd64.whl", hash = "sha256:25773dbc326799824767d40921e88a8f07c5bf1a0738884fb16cab574610aa28"},
    {file = "simplejson-4.1.1-cp39-cp39-macosx_10_9_universal2.whl", hash = "sha256:97a02325a00617c26cfc974f4ebb191c8de6e87cb96d33e51612091150637c3d"},
    {file = "simplejson-4.1.1-cp39-cp39-macosx_10_9_x86_64.whl", hash = "sha256:6bbc61cd7982ff77a68df06d103a3ba459eefd1d3cb6f4f4944cdf9f091d7bf7"},
    {file = "simplejson-4.1.1-cp39-cp39-macosx_11_0_arm64.whl", hash = "sha256:c7876ec2ef53ff5e6714a382b3f8f042a744b944728ae0baef99421740cc57a3"},
    {file = "simplejson-4.1.1-cp39-cp39-manylinux1_x86_64.manylinux_2_28_x86_64.manylinux_2_5_x86_64.whl", hash = "sha256:42ee1aeaa295364bb2c079c42c5796bf1db4b0d5c4bf95f2fcdddba770618cb4"},
    {file = "simplejson-4.1.1-cp39-cp39-manylinux2014_aarch64.manylinux_2_17_aarch64.manylinux_2_28_aarch64.whl", hash = "sha256:f42a7911f64ed8f738ba55480c20d5c685851781d411f9473cafa7a643e52fe4"},
    {file = "simplejson-4.1.1-cp39-cp39-manylinux2014_ppc64le.manylinux_2_17_ppc64le.manylinux_2_28_ppc64le.whl", hash = "sha256:8b2da172a6ff43f74463522a1aa1d7a481ac2dba2de4b18ed51e989190352ba7"},
    {file = "simplejson-4.1.1-cp39-cp39-musllinux_1_2_aarch64.whl", hash = "sha256:677fbb192b2cbefb3dc21862eaf0bf560b4b370662503036c513f1e3eb32dfac"},
    {file = "simplejson-4.1.1-cp39-cp39-musllinux_1_2_ppc64le.whl", hash = "sha256:10048ab9b9e0f7e95f1680829f0925a63b190fa8e8e9bb91369538fe382df827"},
    {file = "simplejson-4.1.1-cp39-cp39-musllinux_1_2_x86_64.whl", hash = "sha256:82e42ff58ee856f4029c732d35673dbe62d589445a8e6c3c98ced8fd78096617"},
    {file = "simplejson-4.1.1-cp39-cp39-win32.whl", hash = "sha256:43fa9a1ccf477e415c025ba507ada54984f5ed927d28d304cf50e089818818b0"},
    {file = "simplejson-4.1.1-cp39-cp39-win_amd64.whl", hash = "sha256:4c1eecc2d6a186eaf5d111cf9b311fa9a9ecf68703db7b63ed5938049f3e74f5"},
    {file = "simplejson-4.1.1-py3-none-any.whl", hash = "sha256:2ce92b3748f02423e26d2bfb636fb9d7a8f67c8f5854dcae69d350d123b2eee2"},
    {file = "simplejson-4.1.1.tar.gz", hash = "sha256:c08eb9f7a90f77ae470e19a07472e9a79ebc0d1c2315d86a72767665bd5ba79f"},
]

[[package]]
name = "tomli"
version = "2.4.1"
description = "A lil' TOML parser"
optional = false
python-versions = ">=3.8"
files = [
    {file = "tomli-2.4.1-cp311-cp311-macosx_10_9_x86_64.whl", hash = "sha256:f8f0fc26ec2cc2b965b7a3b87cd19c5c6b8c5e5f436b984e85f486d652285c30"},
    {file = "tomli-2.4.1-cp311-cp311-macosx_11_0_arm64.whl", hash = "sha256:4ab97e64ccda8756376892c53a72bd1f964e519c77236368527f758fbc36a53a"},
    {file = "tomli-2.4.1-cp311-cp311-manylinux2014_aarch64.manylinux_2_17_aarch64.manylinux_2_28_aarch64.whl", hash = "sha256:96481a5786729fd470164b47cdb3e0e58062a496f455ee41b4403be77cb5a076"},
    {file = "tomli-2.4.1-cp311-cp311-manylinux2014_x86_64.manylinux_2_17_x86_64.manylinux_2_28_x86_64.whl", hash = "sha256:5a881ab208c0baf688221f8cecc5401bd291d67e38a1ac884d6736cbcd8247e9"},
    {file = "tomli-2.4.1-cp311-cp311-musllinux_1_2_aarch64.whl", hash = "sha256:47149d5bd38761ac8be13a84864bf0b7b70bc051806bc3669ab1cbc56216b23c"},
    {file = "tomli-2.4.1-cp311-cp311-musllinux_1_2_x86_64.whl", hash = "sha256:ec9bfaf3ad2df51ace80688143a6a4ebc09a248f6ff781a9945e51937008fcbc"},
    {file = "tomli-2.4.1-cp311-cp311-win32.whl", hash = "sha256:ff2983983d34813c1aeb0fa89091e76c3a22889ee83ab27c5eeb45100560c049"},
    {file = "tomli-2.4.1-cp311-cp311-win_amd64.whl", hash = "sha256:5ee18d9ebdb417e384b58fe414e8d6af9f4e7a0ae761519fb50f721de398dd4e"},
    {file = "tomli-2.4.1-cp311-cp311-win_arm64.whl", hash = "sha256:c2541745709bad0264b7d4705ad453b76ccd191e64aa6f0fc66b69a293a45ece"},
    {file = "tomli-2.4.1-cp312-cp312-macosx_10_13_x86_64.whl", hash = "sha256:c742f741d58a28940ce01d58f0ab2ea3ced8b12402f162f4d534dfe18ba1cd6a"},
    {file = "tomli-2.4.1-cp312-cp312-macosx_11_0_arm64.whl", hash = "sha256:7f86fd587c4ed9dd76f318225e7d9b29cfc5a9d43de44e5754db8d1128487085"},
    {file = "tomli-2.4.1-cp312-cp312-manylinux2014_aarch64.manylinux_2_17_aarch64.manylinux_2_28_aarch64.whl", hash = "sha256:ff18e6a727ee0ab0388507b89d1bc6a22b138d1e2fa56d1ad494586d61d2eae9"},
    {file = "tomli-2.4.1-cp312-cp312-manylinux2014_x86_64.manylinux_2_17_x86_64.manylinux_2_28_x86_64.whl", hash = "sha256:136443dbd7e1dee43c68ac2694fde36b2849865fa258d39bf822c10e8068eac5"},
    {file = "tomli-2.4.1-cp312-cp312-musllinux_1_2_aarch64.whl", hash = "sha256:5e262d41726bc187e69af7825504c933b6794dc3fbd5945e41a79bb14c31f585"},
    {file = "tomli-2.4.1-cp312-cp312-musllinux_1_2_x86_64.whl", hash = "sha256:5cb41aa38891e073ee49d55fbc7839cfdb2bc0e600add13874d048c94aadddd1"},
    {file = "tomli-2.4.1-cp312-cp312-win32.whl", hash = "sha256:da25dc3563bff5965356133435b757a795a17b17d01dbc0f42fb32447ddfd917"},
    {file = "tomli-2.4.1-cp312-cp312-win_amd64.whl", hash = "sha256:52c8ef851d9a240f11a88c003eacb03c31fc1c9c4ec64a99a0f922b93874fda9"},
    {file = "tomli-2.4.1-cp312-cp312-win_arm64.whl", hash = "sha256:f758f1b9299d059cc3f6546ae2af89670cb1c4d48ea29c3cacc4fe7de3058257"},
    {file = "tomli-2.4.1-cp313-cp313-macosx_10_13_x86_64.whl", hash = "sha256:36d2bd2ad5fb9eaddba5226aa02c8ec3fa4f192631e347b3ed28186d43be6b54"},
    {file = "tomli-2.4.1-cp313-cp313-macosx_11_0_arm64.whl", hash = "sha256:eb0dc4e38e6a1fd579e5d50369aa2e10acfc9cace504579b2faabb478e76941a"},
    {file = "tomli-2.4.1-cp313-cp313-manylinux2014_aarch64.manylinux_2_17_aarch64.manylinux_2_28_aarch64.whl", hash = "sha256:c7f2c7f2b9ca6bdeef8f0fa897f8e05085923eb091721675170254cbc5b02897"},
    {file = "tomli-2.4.1-cp313-cp313-manylinux2014_x86_64.manylinux_2_17_x86_64.manylinux_2_28_x86_64.whl", hash = "sha256:f3c6818a1a86dd6dca7ddcaaf76947d5ba31aecc28cb1b67009a5877c9a64f3f"},
    {file = "tomli-2.4.1-cp313-cp313-musllinux_1_2_aarch64.whl", hash = "sha256:d312ef37c91508b0ab2cee7da26ec0b3ed2f03ce12bd87a588d771ae15dcf82d"},
    {file = "tomli-2.4.1-cp313-cp313-musllinux_1_2_x86_64.whl", hash = "sha256:51529d40e3ca50046d7606fa99ce3956a617f9b36380da3b7f0dd3dd28e68cb5"},
    {file = "tomli-2.4.1-cp313-cp313-win32.whl", hash = "sha256:2190f2e9dd7508d2a90ded5ed369255980a1bcdd58e52f7fe24b8162bf9fedbd"},
    {file = "tomli-2.4.1-cp313-cp313-win_amd64.whl", hash = "sha256:8d65a2fbf9d2f8352685bc1364177ee3923d6baf5e7f43ea4959d7d8bc326a36"},
    {file = "tomli-2.4.1-cp313-cp313-win_arm64.whl", hash = "sha256:4b605484e43cdc43f0954ddae319fb75f04cc10dd80d830540060ee7cd0243cd"},
    {file = "tomli-2.4.1-cp314-cp314-macosx_10_15_x86_64.whl", hash = "sha256:fd0409a3653af6c147209d267a0e4243f0ae46b011aa978b1080359fddc9b6cf"},
    {file = "tomli-2.4.1-cp314-cp314-macosx_11_0_arm64.whl", hash = "sha256:a120733b01c45e9a0c34aeef92bf0cf1d56cfe81ed9d47d562f9ed591a9828ac"},
    {file = "tomli-2.4.1-cp314-cp314-manylinux2014_aarch64.manylinux_2_17_aarch64.manylinux_2_28_aarch64.whl", hash = "sha256:559db847dc486944896521f68d8190be1c9e719fced785720d2216fe7022b662"},
    {file = "tomli-2.4.1-cp314-cp314-manylinux2014_x86_64.manylinux_2_17_x86_64.manylinux_2_28_x86_64.whl", hash = "sha256:01f520d4f53ef97964a240a035ec2a869fe1a37dde002b57ebc4417a27ccd853"},
    {file = "tomli-2.4.1-cp314-cp314-musllinux_1_2_aarch64.whl", hash = "sha256:7f94b27a62cfad8496c8d2513e1a222dd446f095fca8987fceef261225538a15"},
    {file = "tomli-2.4.1-cp314-cp314-musllinux_1_2_x86_64.whl", hash = "sha256:ede3e6487c5ef5d28634ba3f31f989030ad6af71edfb0055cbbd14189ff240ba"},
    {file = "tomli-2.4.1-cp314-cp314-win32.whl", hash = "sha256:3d48a93ee1c9b79c04bb38772ee1b64dcf18ff43085896ea460ca8dec96f35f6"},
    {file = "tomli-2.4.1-cp314-cp314-win_amd64.whl", hash = "sha256:88dceee75c2c63af144e456745e10101eb67361050196b0b6af5d717254dddf7"},
    {file = "tomli-2.4.1-cp314-cp314-win_arm64.whl", hash = "sha256:b8c198f8c1805dc42708689ed6864951fd2494f924149d3e4bce7710f8eb5232"},
    {file = "tomli-2.4.1-cp314-cp314t-macosx_10_15_x86_64.whl", hash = "sha256:d4d8fe59808a54658fcc0160ecfb1b30f9089906c50b23bcb4c69eddc19ec2b4"},
    {file = "tomli-2.4.1-cp314-cp314t-macosx_11_0_arm64.whl", hash = "sha256:7008df2e7655c495dd12d2a4ad038ff878d4ca4b81fccaf82b714e07eae4402c"},
    {file = "tomli-2.4.1-cp314-cp314t-manylinux2014_aarch64.manylinux_2_17_aarch64.manylinux_2_28_aarch64.whl", hash = "sha256:1d8591993e228b0c930c4bb0db464bdad97b3289fb981255d6c9a41aedc84b2d"},
    {file = "tomli-2.4.1-cp314-cp314t-manylinux2014_x86_64.manylinux_2_17_x86_64.manylinux_2_28_x86_64.whl", hash = "sha256:734e20b57ba95624ecf1841e72b53f6e186355e216e5412de414e3c51e5e3c41"},
    {file = "tomli-2.4.1-cp314-cp314t-musllinux_1_2_aarch64.whl", hash = "sha256:8a650c2dbafa08d42e51ba0b62740dae4ecb9338eefa093aa5c78ceb546fcd5c"},
    {file = "tomli-2.4.1-cp314-cp314t-musllinux_1_2_x86_64.whl", hash = "sha256:504aa796fe0569bb43171066009ead363de03675276d2d121ac1a4572397870f"},
    {file = "tomli-2.4.1-cp314-cp314t-win32.whl", hash = "sha256:b1d22e6e9387bf4739fbe23bfa80e93f6b0373a7f1b96c6227c32bef95a4d7a8"},
    {file = "tomli-2.4.1-cp314-cp314t-win_amd64.whl", hash = "sha256:2c1c351919aca02858f740c6d33adea0c5deea37f9ecca1cc1ef9e884a619d26"},
    {file = "tomli-2.4.1-cp314-cp314t-win_arm64.whl", hash = "sha256:eab21f45c7f66c13f2a9e0e1535309cee140182a9cdae1e041d02e47291e8396"},
    {file = "tomli-2.4.1-py3-none-any.whl", hash = "sha256:0d85819802132122da43cb86656f8d1f8c6587d54ae7dcaf30e90533028b49fe"},
    {file = "tomli-2.4.1.tar.gz", hash = "sha256:7c7e1a961a0b2f2472c1ac5b69affa0ae1132c39adcb67aba98568702b9cc23f"},
]

[[package]]
name = "typing-extensions"
version = "4.16.0"
description = "Backported and Experimental Type Hints for Python 3.9+"
optional = false
python-versions = ">=3.9"
files = [
    {file = "typing_extensions-4.16.0-py3-none-any.whl", hash = "sha256:481caa481374e813c1b176ada14e97f1f67a4539ce9cfeb3f350d78d6370c2e8"},
    {file = "typing_extensions-4.16.0.tar.gz", hash = "sha256:dc983d19a509c94dba722ee6abd33940f7c05a89e243c47e907eb4db6f1a43e5"},
]

[metadata]
lock-version = "2.0"
python-versions = "^3.9"
content-hash = "22771065c44d11b3af485766f3ace0829d3ac7fef9a36bab2c347adced2b8808"
